{
  "name": "sinopia",
  "version": "1.4.0",
  "dependencies": {
    "JSONStream": {
      "version": "1.0.6",
      "dependencies": {
        "jsonparse": {
          "version": "1.1.0"
        },
        "through": {
          "version": "2.3.8"
        }
      }
    },
    "async": {
      "version": "0.9.2"
    },
    "body-parser": {
      "version": "1.14.1",
      "dependencies": {
        "bytes": {
          "version": "2.1.0"
        },
        "content-type": {
          "version": "1.0.1"
        },
        "debug": {
          "version": "2.2.0",
          "dependencies": {
            "ms": {
              "version": "0.7.1"
            }
          }
        },
        "depd": {
          "version": "1.1.0"
        },
        "iconv-lite": {
          "version": "0.4.12"
        },
        "on-finished": {
          "version": "2.3.0",
          "dependencies": {
            "ee-first": {
              "version": "1.1.1"
            }
          }
        },
        "qs": {
          "version": "5.1.0"
        },
        "raw-body": {
          "version": "2.1.4",
          "dependencies": {
            "unpipe": {
              "version": "1.0.0"
            }
          }
        },
        "type-is": {
          "version": "1.6.9",
          "dependencies": {
            "media-typer": {
              "version": "0.3.0"
            },
            "mime-types": {
              "version": "2.1.7",
              "dependencies": {
                "mime-db": {
                  "version": "1.19.0"
                }
              }
            }
          }
        }
      }
    },
    "bunyan": {
      "version": "1.5.1",
      "dependencies": {
        "dtrace-provider": {
          "version": "0.6.0",
          "dependencies": {
            "nan": {
              "version": "2.0.9"
            }
          }
        },
        "mv": {
          "version": "2.1.1",
          "dependencies": {
            "ncp": {
              "version": "2.0.0"
            }
          }
        },
        "safe-json-stringify": {
          "version": "1.0.3"
        }
      }
    },
    "commander": {
      "version": "2.8.1",
      "dependencies": {
        "graceful-readlink": {
          "version": "1.0.1"
        }
      }
    },
    "compression": {
      "version": "1.6.0",
      "dependencies": {
        "accepts": {
          "version": "1.3.0",
          "dependencies": {
            "mime-types": {
              "version": "2.1.7",
              "dependencies": {
                "mime-db": {
                  "version": "1.19.0"
                }
              }
            },
            "negotiator": {
              "version": "0.6.0"
            }
          }
        },
        "bytes": {
          "version": "2.1.0"
        },
        "compressible": {
          "version": "2.0.6",
          "dependencies": {
            "mime-db": {
              "version": "1.19.0"
            }
          }
        },
        "debug": {
          "version": "2.2.0",
          "dependencies": {
            "ms": {
              "version": "0.7.1"
            }
          }
        },
        "on-headers": {
          "version": "1.0.1"
        },
        "vary": {
          "version": "1.1.0"
        }
      }
    },
    "cookies": {
      "version": "0.5.1",
      "dependencies": {
        "keygrip": {
          "version": "1.0.1"
        }
      }
    },
    "crypt3": {
      "version": "0.1.8",
      "dependencies": {
        "nan": {
          "version": "1.9.0"
        }
      }
    },
    "es6-shim": {
      "version": "0.21.1"
    },
    "express": {
      "version": "5.0.0-alpha.2",
      "dependencies": {
        "accepts": {
          "version": "1.2.13",
          "dependencies": {
            "mime-types": {
              "version": "2.1.7",
              "dependencies": {
                "mime-db": {
                  "version": "1.19.0"
                }
              }
            },
            "negotiator": {
              "version": "0.5.3"
            }
          }
        },
        "array-flatten": {
          "version": "1.1.0"
        },
        "content-disposition": {
          "version": "0.5.0"
        },
        "content-type": {
          "version": "1.0.1"
        },
        "cookie": {
          "version": "0.1.3"
        },
        "cookie-signature": {
          "version": "1.0.6"
        },
        "debug": {
          "version": "2.2.0",
          "dependencies": {
            "ms": {
              "version": "0.7.1"
            }
          }
        },
        "depd": {
          "version": "1.0.1"
        },
        "escape-html": {
          "version": "1.0.2"
        },
        "etag": {
          "version": "1.7.0"
        },
        "finalhandler": {
          "version": "0.4.0",
          "dependencies": {
            "unpipe": {
              "version": "1.0.0"
            }
          }
        },
        "fresh": {
          "version": "0.3.0"
        },
        "merge-descriptors": {
          "version": "1.0.0"
        },
        "methods": {
          "version": "1.1.1"
        },
        "on-finished": {
          "version": "2.3.0",
          "dependencies": {
            "ee-first": {
              "version": "1.1.1"
            }
          }
        },
        "parseurl": {
          "version": "1.3.0"
        },
        "path-is-absolute": {
          "version": "1.0.0"
        },
        "path-to-regexp": {
          "version": "0.1.6"
        },
        "proxy-addr": {
          "version": "1.0.8",
          "dependencies": {
            "forwarded": {
              "version": "0.1.0"
            },
            "ipaddr.js": {
              "version": "1.0.1"
            }
          }
        },
        "qs": {
          "version": "4.0.0"
        },
        "range-parser": {
          "version": "1.0.2"
        },
        "router": {
          "version": "1.1.3",
          "dependencies": {
            "array-flatten": {
              "version": "1.1.1"
            },
            "path-to-regexp": {
              "version": "0.1.7"
            },
            "setprototypeof": {
              "version": "1.0.0"
            }
          }
        },
        "send": {
          "version": "0.13.0",
          "dependencies": {
            "destroy": {
              "version": "1.0.3"
            },
            "mime": {
              "version": "1.3.4"
            },
            "ms": {
              "version": "0.7.1"
            },
            "statuses": {
              "version": "1.2.1"
            }
          }
        },
        "serve-static": {
          "version": "1.10.0"
        },
        "type-is": {
          "version": "1.6.9",
          "dependencies": {
            "media-typer": {
              "version": "0.3.0"
            },
            "mime-types": {
              "version": "2.1.7",
              "dependencies": {
                "mime-db": {
                  "version": "1.19.0"
                }
              }
            }
          }
        },
        "vary": {
          "version": "1.0.1"
        },
        "utils-merge": {
          "version": "1.0.0"
        }
      }
    },
    "express-json5": {
      "version": "0.1.0",
      "dependencies": {
        "raw-body": {
          "version": "1.3.4",
          "dependencies": {
            "bytes": {
              "version": "1.0.0"
            },
            "iconv-lite": {
              "version": "0.4.8"
            }
          }
        }
      }
    },
    "fs-ext": {
      "version": "0.4.6",
      "dependencies": {
        "nan": {
          "version": "1.9.0"
        }
      }
    },
    "handlebars": {
      "version": "2.0.0",
      "dependencies": {
        "optimist": {
          "version": "0.3.7",
          "dependencies": {
            "wordwrap": {
              "version": "0.0.3"
            }
          }
        },
        "uglify-js": {
          "version": "2.3.6",
          "dependencies": {
            "async": {
              "version": "0.2.10"
            },
            "source-map": {
              "version": "0.1.43",
              "dependencies": {
                "amdefine": {
                  "version": "1.0.0"
                }
              }
            }
          }
        }
      }
    },
    "highlight.js": {
      "version": "8.8.0"
    },
    "http-errors": {
      "version": "1.3.1",
      "dependencies": {
        "inherits": {
          "version": "2.0.1"
        },
        "statuses": {
          "version": "1.2.1"
        }
      }
    },
    "jju": {
      "version": "1.2.1"
    },
    "js-yaml": {
      "version": "3.4.2",
      "dependencies": {
        "argparse": {
          "version": "1.0.2",
          "dependencies": {
            "lodash": {
              "version": "3.10.1"
            },
            "sprintf-js": {
              "version": "1.0.3"
            }
          }
        },
        "esprima": {
          "version": "2.2.0"
        }
      }
    },
    "lunr": {
      "version": "0.5.12"
    },
    "minimatch": {
      "version": "1.0.0",
      "dependencies": {
        "lru-cache": {
          "version": "2.7.0"
        },
        "sigmund": {
          "version": "1.0.1"
        }
      }
    },
    "mkdirp": {
      "version": "0.5.1",
      "dependencies": {
        "minimist": {
          "version": "0.0.8"
        }
      }
    },
    "readable-stream": {
      "version": "1.1.13",
      "dependencies": {
        "core-util-is": {
          "version": "1.0.1"
        },
        "isarray": {
          "version": "0.0.1"
        },
        "string_decoder": {
          "version": "0.10.31"
        },
        "inherits": {
          "version": "2.0.1"
        }
      }
    },
    "render-readme": {
      "version": "1.3.1",
      "dependencies": {
        "markdown-it": {
          "version": "4.4.0",
          "dependencies": {
            "argparse": {
              "version": "1.0.2",
              "dependencies": {
                "lodash": {
                  "version": "3.10.1"
                },
                "sprintf-js": {
                  "version": "1.0.3"
                }
              }
            },
            "entities": {
              "version": "1.1.1"
            },
            "linkify-it": {
              "version": "1.2.0"
            },
            "mdurl": {
              "version": "1.0.1"
            },
            "uc.micro": {
              "version": "1.0.0"
            }
          }
        },
        "sanitize-html": {
          "version": "1.10.1",
          "dependencies": {
            "htmlparser2": {
              "version": "3.8.3",
              "dependencies": {
                "domhandler": {
                  "version": "2.3.0"
                },
                "domutils": {
                  "version": "1.5.1",
                  "dependencies": {
                    "dom-serializer": {
                      "version": "0.1.0",
                      "dependencies": {
                        "domelementtype": {
                          "version": "1.1.3"
                        },
                        "entities": {
                          "version": "1.1.1"
                        }
                      }
                    }
                  }
                },
                "domelementtype": {
                  "version": "1.3.0"
                },
                "entities": {
                  "version": "1.0.0"
                }
              }
            },
            "regexp-quote": {
              "version": "0.0.0"
            },
            "xtend": {
              "version": "4.0.0"
            }
          }
        }
      }
    },
    "request": {
      "version": "2.64.0",
      "dependencies": {
        "bl": {
          "version": "1.0.0",
          "dependencies": {
            "readable-stream": {
              "version": "2.0.2",
              "dependencies": {
                "core-util-is": {
                  "version": "1.0.1"
                },
                "inherits": {
                  "version": "2.0.1"
                },
                "isarray": {
                  "version": "0.0.1"
                },
                "process-nextick-args": {
                  "version": "1.0.3"
                },
                "string_decoder": {
                  "version": "0.10.31"
                },
                "util-deprecate": {
                  "version": "1.0.1"
                }
              }
            }
          }
        },
        "caseless": {
          "version": "0.11.0"
        },
        "extend": {
          "version": "3.0.0"
        },
        "forever-agent": {
          "version": "0.6.1"
        },
        "form-data": {
          "version": "1.0.0-rc3",
          "dependencies": {
            "async": {
              "version": "1.4.2"
            }
          }
        },
        "json-stringify-safe": {
          "version": "5.0.1"
        },
        "mime-types": {
          "version": "2.1.7",
          "dependencies": {
            "mime-db": {
              "version": "1.19.0"
            }
          }
        },
        "node-uuid": {
          "version": "1.4.3"
        },
        "qs": {
          "version": "5.1.0"
        },
        "tunnel-agent": {
          "version": "0.4.1"
        },
        "tough-cookie": {
          "version": "2.1.0"
        },
        "http-signature": {
          "version": "0.11.0",
          "dependencies": {
            "assert-plus": {
              "version": "0.1.5"
            },
            "asn1": {
              "version": "0.1.11"
            },
            "ctype": {
              "version": "0.5.3"
            }
          }
        },
        "oauth-sign": {
          "version": "0.8.0"
        },
        "hawk": {
          "version": "3.1.0",
          "dependencies": {
            "hoek": {
              "version": "2.16.3"
            },
            "boom": {
              "version": "2.9.0"
            },
            "cryptiles": {
              "version": "2.0.5"
            },
            "sntp": {
              "version": "1.0.9"
            }
          }
        },
        "aws-sign2": {
          "version": "0.5.0"
        },
        "stringstream": {
          "version": "0.0.4"
        },
        "combined-stream": {
          "version": "1.0.5",
          "dependencies": {
            "delayed-stream": {
              "version": "1.0.0"
            }
          }
        },
        "isstream": {
          "version": "0.1.2"
        },
        "har-validator": {
          "version": "1.8.0",
          "dependencies": {
            "chalk": {
              "version": "1.1.1",
              "dependencies": {
                "ansi-styles": {
                  "version": "2.1.0"
                },
                "escape-string-regexp": {
                  "version": "1.0.3"
                },
                "has-ansi": {
                  "version": "2.0.0",
                  "dependencies": {
                    "ansi-regex": {
                      "version": "2.0.0"
                    }
                  }
                },
                "strip-ansi": {
                  "version": "3.0.0",
                  "dependencies": {
                    "ansi-regex": {
                      "version": "2.0.0"
                    }
                  }
                },
                "supports-color": {
                  "version": "2.0.0"
                }
              }
            },
            "is-my-json-valid": {
              "version": "2.12.2",
              "dependencies": {
                "generate-function": {
                  "version": "2.0.0"
                },
                "generate-object-property": {
                  "version": "1.2.0",
                  "dependencies": {
                    "is-property": {
                      "version": "1.0.2"
                    }
                  }
                },
                "jsonpointer": {
                  "version": "2.0.0"
                },
                "xtend": {
                  "version": "4.0.0"
                }
              }
            }
          }
        }
      }
    },
    "semver": {
      "version": "4.3.6"
    },
    "sinopia-htpasswd": {
      "version": "0.4.5"
    }
  }
}
